
Microsoft Visual Studio Solution File, Format Version 12.00
# Visual Studio Version 17
VisualStudioVersion = 17.11.35327.3
MinimumVisualStudioVersion = 10.0.40219.1
Project("{FAE04EC0-301F-11D3-BF4B-00C04F79EFBC}") = "crudcrudapi", "crudcrudapi\crudcrudapi.csproj", "{739640C3-CAD7-4E43-88C3-C941DA5A4F06}"
EndProject
Global
	GlobalSection(SolutionConfigurationPlatforms) = preSolution
		Debug|Any CPU = Debug|Any CPU
		Release|Any CPU = Release|Any CPU
	EndGlobalSection
	GlobalSection(ProjectConfigurationPlatforms) = postSolution
		{739640C3-CAD7-4E43-88C3-C941DA5A4F06}.Debug|Any CPU.ActiveCfg = Debug|Any CPU
		{739640C3-CAD7-4E43-88C3-C941DA5A4F06}.Debug|Any CPU.Build.0 = Debug|Any CPU
		{739640C3-CAD7-4E43-88C3-C941DA5A4F06}.Release|Any CPU.ActiveCfg = Release|Any CPU
		{739640C3-CAD7-4E43-88C3-C941DA5A4F06}.Release|Any CPU.Build.0 = Release|Any CPU
	EndGlobalSection
	GlobalSection(SolutionProperties) = preSolution
		HideSolutionNode = FALSE
	EndGlobalSection
	GlobalSection(ExtensibilityGlobals) = postSolution
		SolutionGuid = {02BEDCE5-FC19-40FB-9AA3-9E40906D1B57}
	EndGlobalSection
EndGlobal
